
Microsoft Visual Studio Solution File, Format Version 12.00
# Visual Studio 15
VisualStudioVersion = 15.0.27130.0
MinimumVisualStudioVersion = 10.0.40219.1
Project("{F2A71F9B-5D33-465A-A702-920D77279786}") = "FsharpTesting", "FsharpTesting\FsharpTesting.fsproj", "{29656407-58F8-48DC-9693-81A6C2C5A4BA}"
EndProject
Global
	GlobalSection(SolutionConfigurationPlatforms) = preSolution
		Debug|Any CPU = Debug|Any CPU
		Release|Any CPU = Release|Any CPU
	EndGlobalSection
	GlobalSection(ProjectConfigurationPlatforms) = postSolution
		{29656407-58F8-48DC-9693-81A6C2C5A4BA}.Debug|Any CPU.ActiveCfg = Debug|Any CPU
		{29656407-58F8-48DC-9693-81A6C2C5A4BA}.Debug|Any CPU.Build.0 = Debug|Any CPU
		{29656407-58F8-48DC-9693-81A6C2C5A4BA}.Release|Any CPU.ActiveCfg = Release|Any CPU
		{29656407-58F8-48DC-9693-81A6C2C5A4BA}.Release|Any CPU.Build.0 = Release|Any CPU
	EndGlobalSection
	GlobalSection(SolutionProperties) = preSolution
		HideSolutionNode = FALSE
	EndGlobalSection
	GlobalSection(ExtensibilityGlobals) = postSolution
		SolutionGuid = {E8D600F7-5AF1-49DE-9AD4-759D673FD1AE}
	EndGlobalSection
EndGlobal
