
Microsoft Visual Studio Solution File, Format Version 12.00
# Visual Studio 15
VisualStudioVersion = 15.0.27004.2008
MinimumVisualStudioVersion = 10.0.40219.1
Project("{FAE04EC0-301F-11D3-BF4B-00C04F79EFBC}") = "Challenges", "Challanges\Challenges.csproj", "{AB011926-933A-42C9-9B7B-BAAD96BF2988}"
EndProject
Global
	GlobalSection(SolutionConfigurationPlatforms) = preSolution
		Debug|Any CPU = Debug|Any CPU
		Release|Any CPU = Release|Any CPU
	EndGlobalSection
	GlobalSection(ProjectConfigurationPlatforms) = postSolution
		{AB011926-933A-42C9-9B7B-BAAD96BF2988}.Debug|Any CPU.ActiveCfg = Debug|Any CPU
		{AB011926-933A-42C9-9B7B-BAAD96BF2988}.Debug|Any CPU.Build.0 = Debug|Any CPU
		{AB011926-933A-42C9-9B7B-BAAD96BF2988}.Release|Any CPU.ActiveCfg = Release|Any CPU
		{AB011926-933A-42C9-9B7B-BAAD96BF2988}.Release|Any CPU.Build.0 = Release|Any CPU
	EndGlobalSection
	GlobalSection(SolutionProperties) = preSolution
		HideSolutionNode = FALSE
	EndGlobalSection
	GlobalSection(ExtensibilityGlobals) = postSolution
		SolutionGuid = {F07702F0-5871-4A41-9423-D13B8CFC3EA6}
	EndGlobalSection
EndGlobal
